
Microsoft Visual Studio Solution File, Format Version 12.00
# Visual Studio Version 16
VisualStudioVersion = 16.0.29001.49
MinimumVisualStudioVersion = 10.0.40219.1
Project("{FAE04EC0-301F-11D3-BF4B-00C04F79EFBC}") = "WindowsFormsApp1", "WindowsFormsApp1\WindowsFormsApp1.csproj", "{7E5EE992-319A-4AA5-93F1-628387F5AD40}"
EndProject
Project("{54435603-DBB4-11D2-8724-00A0C9A8B90C}") = "Setup", "Setup\Setup.vdproj", "{2610848B-B8EB-4E44-8BD0-9058895E3267}"
EndProject
Global
	GlobalSection(SolutionConfigurationPlatforms) = preSolution
		Debug|Any CPU = Debug|Any CPU
		Release|Any CPU = Release|Any CPU
	EndGlobalSection
	GlobalSection(ProjectConfigurationPlatforms) = postSolution
		{7E5EE992-319A-4AA5-93F1-628387F5AD40}.Debug|Any CPU.ActiveCfg = Debug|Any CPU
		{7E5EE992-319A-4AA5-93F1-628387F5AD40}.Debug|Any CPU.Build.0 = Debug|Any CPU
		{7E5EE992-319A-4AA5-93F1-628387F5AD40}.Release|Any CPU.ActiveCfg = Release|Any CPU
		{7E5EE992-319A-4AA5-93F1-628387F5AD40}.Release|Any CPU.Build.0 = Release|Any CPU
		{2610848B-B8EB-4E44-8BD0-9058895E3267}.Debug|Any CPU.ActiveCfg = Debug
		{2610848B-B8EB-4E44-8BD0-9058895E3267}.Release|Any CPU.ActiveCfg = Release
	EndGlobalSection
	GlobalSection(SolutionProperties) = preSolution
		HideSolutionNode = FALSE
	EndGlobalSection
	GlobalSection(ExtensibilityGlobals) = postSolution
		SolutionGuid = {D44D54F4-7C28-4EC9-B615-019A2B4B2289}
	EndGlobalSection
EndGlobal
